
Microsoft Visual Studio Solution File, Format Version 12.00
# Visual Studio Version 17
VisualStudioVersion = 17.3.32901.215
MinimumVisualStudioVersion = 10.0.40219.1
Project("{FAE04EC0-301F-11D3-BF4B-00C04F79EFBC}") = "JwtWebApi", "JwtWebApi\JwtWebApi.csproj", "{FD052958-45C1-443E-882A-DCA634A73852}"
EndProject
Global
	GlobalSection(SolutionConfigurationPlatforms) = preSolution
		Debug|Any CPU = Debug|Any CPU
		Release|Any CPU = Release|Any CPU
	EndGlobalSection
	GlobalSection(ProjectConfigurationPlatforms) = postSolution
		{FD052958-45C1-443E-882A-DCA634A73852}.Debug|Any CPU.ActiveCfg = Debug|Any CPU
		{FD052958-45C1-443E-882A-DCA634A73852}.Debug|Any CPU.Build.0 = Debug|Any CPU
		{FD052958-45C1-443E-882A-DCA634A73852}.Release|Any CPU.ActiveCfg = Release|Any CPU
		{FD052958-45C1-443E-882A-DCA634A73852}.Release|Any CPU.Build.0 = Release|Any CPU
	EndGlobalSection
	GlobalSection(SolutionProperties) = preSolution
		HideSolutionNode = FALSE
	EndGlobalSection
	GlobalSection(ExtensibilityGlobals) = postSolution
		SolutionGuid = {3B38D2BC-C8BB-40FC-8443-F94A7AA5B7EE}
	EndGlobalSection
EndGlobal
